
Microsoft Visual Studio Solution File, Format Version 12.00
# Visual Studio 15
VisualStudioVersion = 15.0.28307.329
MinimumVisualStudioVersion = 10.0.40219.1
Project("{FAE04EC0-301F-11D3-BF4B-00C04F79EFBC}") = "ERP_GMEDINA", "Inspinia_MVC5_SeedProject\ERP_GMEDINA.csproj", "{86CADB26-5817-46B6-88C7-76D5753722C3}"
EndProject
Project("{FAE04EC0-301F-11D3-BF4B-00C04F79EFBC}") = "ERP_GMEDINA.Tests", "ERP_GMEDINA.Tests\ERP_GMEDINA.Tests.csproj", "{2B6DFE0D-351B-4CD0-9D36-A878800AA01F}"
EndProject
Global
	GlobalSection(SolutionConfigurationPlatforms) = preSolution
		Debug|Any CPU = Debug|Any CPU
		Release|Any CPU = Release|Any CPU
	EndGlobalSection
	GlobalSection(ProjectConfigurationPlatforms) = postSolution
		{86CADB26-5817-46B6-88C7-76D5753722C3}.Debug|Any CPU.ActiveCfg = Debug|Any CPU
		{86CADB26-5817-46B6-88C7-76D5753722C3}.Debug|Any CPU.Build.0 = Debug|Any CPU
		{86CADB26-5817-46B6-88C7-76D5753722C3}.Release|Any CPU.ActiveCfg = Release|Any CPU
		{86CADB26-5817-46B6-88C7-76D5753722C3}.Release|Any CPU.Build.0 = Release|Any CPU
		{2B6DFE0D-351B-4CD0-9D36-A878800AA01F}.Debug|Any CPU.ActiveCfg = Debug|Any CPU
		{2B6DFE0D-351B-4CD0-9D36-A878800AA01F}.Debug|Any CPU.Build.0 = Debug|Any CPU
		{2B6DFE0D-351B-4CD0-9D36-A878800AA01F}.Release|Any CPU.ActiveCfg = Release|Any CPU
		{2B6DFE0D-351B-4CD0-9D36-A878800AA01F}.Release|Any CPU.Build.0 = Release|Any CPU
	EndGlobalSection
	GlobalSection(SolutionProperties) = preSolution
		HideSolutionNode = FALSE
	EndGlobalSection
	GlobalSection(ExtensibilityGlobals) = postSolution
		SolutionGuid = {DDF34FEC-C331-4154-B6B5-46032E024BA9}
	EndGlobalSection
EndGlobal
